<?xml version="1.0" encoding="utf-8"?>
<Project ToolsVersion="4.0" xmlns="http://schemas.microsoft.com/developer/msbuild/2003">
  <ItemGroup>
    <Filter Include="Source Files">
      <UniqueIdentifier>{4FC737F1-C7A5-4376-A066-2A32D752A2FF}</UniqueIdentifier>
      <Extensions>cpp;c;cc;cxx;c++;cppm;ixx;def;odl;idl;hpj;bat;asm;asmx</Extensions>
    </Filter>
    <Filter Include="Header Files">
      <UniqueIdentifier>{93995380-89BD-4b04-88EB-625FBE52EBFB}</UniqueIdentifier>
      <Extensions>h;hh;hpp;hxx;h++;hm;inl;inc;ipp;xsd</Extensions>
    </Filter>
    <Filter Include="Resource Files">
      <UniqueIdentifier>{67DA6AB6-F800-4c08-8B7A-83BB121AAD01}</UniqueIdentifier>
      <Extensions>rc;ico;cur;bmp;dlg;rc2;rct;bin;rgs;gif;jpg;jpeg;jpe;resx;tiff;tif;png;wav;mfcribbon-ms</Extensions>
    </Filter>
    <Filter Include="Header Files\components">
      <UniqueIdentifier>{214a03d1-4b5b-48c4-a373-be834be5f501}</UniqueIdentifier>
    </Filter>
    <Filter Include="Header Files\components\utility">
      <UniqueIdentifier>{183863a1-725e-49e2-af25-d90cbf27b04f}</UniqueIdentifier>
    </Filter>
    <Filter Include="Header Files\components\rendering">
      <UniqueIdentifier>{27651933-56bd-49b5-83d4-409cf75b692d}</UniqueIdentifier>
    </Filter>
    <Filter Include="Header Files\utility">
      <UniqueIdentifier>{6c0d4c08-9a71-4bb6-84d0-56176ef69570}</UniqueIdentifier>
    </Filter>
    <Filter Include="Header Files\graphics">
      <UniqueIdentifier>{bf2bf4c3-2357-4e0d-aee7-81dc91eaf855}</UniqueIdentifier>
    </Filter>
    <Filter Include="Header Files\components\graphics">
      <UniqueIdentifier>{90f4ecb9-b566-489b-ad99-d1b06f0bc606}</UniqueIdentifier>
    </Filter>
  </ItemGroup>
  <ItemGroup>
    <ClCompile Include="Source.cpp">
      <Filter>Source Files</Filter>
    </ClCompile>
    <ClCompile Include="GameObject.cpp">
      <Filter>Source Files</Filter>
    </ClCompile>
    <ClCompile Include="RigidBody.h">
      <Filter>Header Files\components\utility</Filter>
    </ClCompile>
    <ClCompile Include="RigidBody.cpp">
      <Filter>Source Files</Filter>
    </ClCompile>
  </ItemGroup>
  <ItemGroup>
    <ClInclude Include="GameObject.h">
      <Filter>Header Files</Filter>
    </ClInclude>
    <ClInclude Include="Component.h">
      <Filter>Header Files\components</Filter>
    </ClInclude>
    <ClInclude Include="Transform.h">
      <Filter>Header Files\components\utility</Filter>
    </ClInclude>
    <ClInclude Include="CubeRenderer.h">
      <Filter>Header Files\components\rendering</Filter>
    </ClInclude>
    <ClInclude Include="SphereRenderer.h">
      <Filter>Header Files\components\rendering</Filter>
    </ClInclude>
    <ClInclude Include="ConeRenderer.h">
      <Filter>Header Files\components\rendering</Filter>
    </ClInclude>
    <ClInclude Include="Utilities.h">
      <Filter>Header Files\utility</Filter>
    </ClInclude>
    <ClInclude Include="Material.h">
      <Filter>Header Files\graphics</Filter>
    </ClInclude>
    <ClInclude Include="Mesh.h">
      <Filter>Header Files\graphics</Filter>
    </ClInclude>
    <ClInclude Include="Texture.h">
      <Filter>Header Files\graphics</Filter>
    </ClInclude>
    <ClInclude Include="MeshRenderer.h">
      <Filter>Header Files\components\rendering</Filter>
    </ClInclude>
    <ClInclude Include="Input.h">
      <Filter>Header Files\utility</Filter>
    </ClInclude>
    <ClInclude Include="Camera.h">
      <Filter>Header Files\utility</Filter>
    </ClInclude>
    <ClInclude Include="Sprite.h">
      <Filter>Header Files\components\graphics</Filter>
    </ClInclude>
    <ClInclude Include="Text.h">
      <Filter>Header Files\components\graphics</Filter>
    </ClInclude>
    <ClInclude Include="Font.h">
      <Filter>Header Files\graphics</Filter>
    </ClInclude>
    <ClInclude Include="MotionStateObject.h">
      <Filter>Header Files\utility</Filter>
    </ClInclude>
    <ClInclude Include="DebugDrawer.h">
      <Filter>Header Files\utility</Filter>
    </ClInclude>
    <ClInclude Include="PhysicsUtilities.h">
      <Filter>Header Files\utility</Filter>
    </ClInclude>
    <ClInclude Include="SoundManager.h">
      <Filter>Header Files\utility</Filter>
    </ClInclude>
  </ItemGroup>
  <ItemGroup>
    <None Include="packages.config" />
  </ItemGroup>
</Project>